
Microsoft Visual Studio Solution File, Format Version 12.00
# Visual Studio 2012
Project("{2150E333-8FDC-42A3-9474-1A3956D46DE8}") = "Chapter3", "Chapter3", "{488F677E-0B4F-43F8-B4A5-12F411BC18D2}"
EndProject
Project("{2150E333-8FDC-42A3-9474-1A3956D46DE8}") = "BasicArrayOps", "BasicArrayOps", "{78EA440A-0DBD-4C2A-89D7-E4E8F89E5AFB}"
EndProject
Project("{FAE04EC0-301F-11D3-BF4B-00C04F79EFBC}") = "BasicArrayOps", "BasicArrayOps\BasicArrayOps.csproj", "{A470BAD4-C4C2-46CC-ABFF-D4AFDC9423F9}"
EndProject
Project("{2150E333-8FDC-42A3-9474-1A3956D46DE8}") = "ChangePerson", "ChangePerson", "{7F01BB72-1D41-4944-B05E-C081F483F30B}"
EndProject
Project("{FAE04EC0-301F-11D3-BF4B-00C04F79EFBC}") = "ChangePerson", "ChangePerson\ChangePerson.csproj", "{AA65CE6D-9B25-45F4-8D4F-C137445A7400}"
EndProject
Project("{2150E333-8FDC-42A3-9474-1A3956D46DE8}") = "DeclareInitArray", "DeclareInitArray", "{2FD3AD05-479A-4BAB-BD8C-0E0324E68E46}"
EndProject
Project("{FAE04EC0-301F-11D3-BF4B-00C04F79EFBC}") = "DeclareInitArray", "DeclareInitArray\DeclareInitArray.csproj", "{0402D644-8177-40D4-8EEE-6781BDF4C107}"
EndProject
Project("{2150E333-8FDC-42A3-9474-1A3956D46DE8}") = "EnumerateArray", "EnumerateArray", "{C05B5D36-9DAF-4B6F-8419-95C33544FF23}"
EndProject
Project("{FAE04EC0-301F-11D3-BF4B-00C04F79EFBC}") = "EnumerateArray", "EnumerateArray\EnumerateArray.csproj", "{157EBCCD-7975-40DB-B8FD-68D616A9B8CB}"
EndProject
Project("{2150E333-8FDC-42A3-9474-1A3956D46DE8}") = "ForeachReadOnly", "ForeachReadOnly", "{73BB6B5E-8C5B-422D-A65E-90C47E0A4831}"
EndProject
Project("{FAE04EC0-301F-11D3-BF4B-00C04F79EFBC}") = "ForeachReadOnly", "ForeachReadOnly\ForeachReadOnly.csproj", "{1B06E0CB-B995-4EEC-9A05-FB7F8AE282F8}"
EndProject
Project("{2150E333-8FDC-42A3-9474-1A3956D46DE8}") = "Chapter4", "Chapter4", "{0DC4E56C-95B8-47DD-907F-31CBE295FB1B}"
EndProject
Project("{2150E333-8FDC-42A3-9474-1A3956D46DE8}") = "ArrayCopy", "ArrayCopy", "{5379B8E0-4C89-49F1-BD57-EC85D0C99094}"
EndProject
Project("{FAE04EC0-301F-11D3-BF4B-00C04F79EFBC}") = "ArrayCopy", "ArrayCopy\ArrayCopy.csproj", "{9EA83BEB-5C92-453B-A77B-24D87924DFD0}"
EndProject
Project("{2150E333-8FDC-42A3-9474-1A3956D46DE8}") = "ArrayCovariance", "ArrayCovariance", "{1FD4C1C3-23F5-412F-890A-DF2960F4C44C}"
EndProject
Project("{FAE04EC0-301F-11D3-BF4B-00C04F79EFBC}") = "ArrayCovariance", "ArrayCovariance\ArrayCovariance.csproj", "{EFCB0000-8C90-4056-8E8B-43A7DBB2A217}"
EndProject
Project("{2150E333-8FDC-42A3-9474-1A3956D46DE8}") = "BinarySearch", "BinarySearch", "{56991BB6-993A-414F-AD2E-DFA65862A9DE}"
EndProject
Project("{FAE04EC0-301F-11D3-BF4B-00C04F79EFBC}") = "BinarySearch", "BinarySearch\BinarySearch.csproj", "{5DE2F2B2-41C8-4743-B3F0-81E8FC7F295C}"
EndProject
Project("{2150E333-8FDC-42A3-9474-1A3956D46DE8}") = "ReverseArray", "ReverseArray", "{39D67125-F622-4ED1-8AF5-5629B5C64DED}"
EndProject
Project("{FAE04EC0-301F-11D3-BF4B-00C04F79EFBC}") = "ReverseArray", "ReverseArray\ReverseArray.csproj", "{08CA05A3-671D-4D25-BD26-2C63A6D70952}"
EndProject
Project("{2150E333-8FDC-42A3-9474-1A3956D46DE8}") = "SortArray", "SortArray", "{1A9BCFC2-0BB3-4D22-AD9F-6BD8791CA295}"
EndProject
Project("{FAE04EC0-301F-11D3-BF4B-00C04F79EFBC}") = "SortArray", "SortArray\SortArray.csproj", "{896DB0D3-F99D-499B-935D-2E8394858407}"
EndProject
Project("{2150E333-8FDC-42A3-9474-1A3956D46DE8}") = "FindElements", "FindElements", "{E3646079-583A-4B76-A61B-B1A3F3198628}"
EndProject
Project("{FAE04EC0-301F-11D3-BF4B-00C04F79EFBC}") = "FindElements", "FindElements\FindElements.csproj", "{346788EB-0EC3-48DD-89B5-D5C767A91850}"
EndProject
Project("{2150E333-8FDC-42A3-9474-1A3956D46DE8}") = "Chapter5", "Chapter5", "{D57B0F43-ED18-4D20-8AEA-39CB5B4C2DF9}"
EndProject
Project("{2150E333-8FDC-42A3-9474-1A3956D46DE8}") = "Count", "Count", "{4BC36CB9-32FE-4E83-A6C3-B6CAD6B4C066}"
EndProject
Project("{FAE04EC0-301F-11D3-BF4B-00C04F79EFBC}") = "Count", "Count\Count.csproj", "{2CDB4E58-70B1-49A9-8B65-8CA78A3BA604}"
EndProject
Project("{2150E333-8FDC-42A3-9474-1A3956D46DE8}") = "Chapter6", "Chapter6", "{9CE465B5-DB6C-4EAA-BCB4-1104D1022BE4}"
EndProject
Project("{2150E333-8FDC-42A3-9474-1A3956D46DE8}") = "AddToList", "AddToList", "{A5B22400-018D-42E6-82DA-29508361A266}"
EndProject
Project("{FAE04EC0-301F-11D3-BF4B-00C04F79EFBC}") = "AddToList", "AddToList\AddToList.csproj", "{A2ABCEDC-DB4C-4F6B-BDB2-6A31CF2329E3}"
EndProject
Project("{2150E333-8FDC-42A3-9474-1A3956D46DE8}") = "NonBlankStringList", "NonBlankStringList", "{74120F29-2626-4152-85F6-E2A4E16FEA04}"
EndProject
Project("{FAE04EC0-301F-11D3-BF4B-00C04F79EFBC}") = "NonBlankStringList", "NonBlankStringList\NonBlankStringList.csproj", "{058C0826-83B5-4054-B08D-91B80479BEB4}"
EndProject
Project("{2150E333-8FDC-42A3-9474-1A3956D46DE8}") = "ObservableCollection", "ObservableCollection", "{D295CFF5-DDE9-46E7-B1AD-24247BD6270F}"
EndProject
Project("{FAE04EC0-301F-11D3-BF4B-00C04F79EFBC}") = "ObservableCollection", "ObservableCollection\ObservableCollection.csproj", "{1CBC29B0-EE3D-473D-A4B2-A15386CD414B}"
EndProject
Project("{2150E333-8FDC-42A3-9474-1A3956D46DE8}") = "LinkedList", "LinkedList", "{60568C9F-9A51-47BB-BE29-E27D5956EEEE}"
EndProject
Project("{FAE04EC0-301F-11D3-BF4B-00C04F79EFBC}") = "LinkedList", "LinkedList\LinkedList.csproj", "{712C8A7A-B06A-4AF3-8C70-50135F1EAFC5}"
EndProject
Project("{2150E333-8FDC-42A3-9474-1A3956D46DE8}") = "Stacks", "Stacks", "{E1A3547C-0DFE-49F9-AD39-F1520DA2F748}"
EndProject
Project("{FAE04EC0-301F-11D3-BF4B-00C04F79EFBC}") = "Stacks", "Stacks\Stacks.csproj", "{821D41AB-9C36-4EF6-89B9-CEA4D51974E8}"
EndProject
Project("{2150E333-8FDC-42A3-9474-1A3956D46DE8}") = "Queues", "Queues", "{9BEAA169-5940-4B2F-9F8A-C9C1286A9B70}"
EndProject
Project("{FAE04EC0-301F-11D3-BF4B-00C04F79EFBC}") = "Queues", "Queues\Queues.csproj", "{BEE8B428-8C63-4013-89CE-2B8126978420}"
EndProject
Project("{2150E333-8FDC-42A3-9474-1A3956D46DE8}") = "Chapter7", "Chapter7", "{F006D88D-1F3F-4F8B-BA16-287FCEFD0234}"
EndProject
Project("{2150E333-8FDC-42A3-9474-1A3956D46DE8}") = "PrimeMinistersDictionary", "PrimeMinistersDictionary", "{D25F8B25-5AC2-41E1-94B6-3A1FEB306140}"
EndProject
Project("{FAE04EC0-301F-11D3-BF4B-00C04F79EFBC}") = "PrimeMinistersDictionary", "PrimeMinistersDictionary\PrimeMinistersDictionary.csproj", "{20173B4A-891A-44D8-AD0F-43AF1166C0F0}"
EndProject
Global
	GlobalSection(SolutionConfigurationPlatforms) = preSolution
		Debug|Any CPU = Debug|Any CPU
		Release|Any CPU = Release|Any CPU
	EndGlobalSection
	GlobalSection(ProjectConfigurationPlatforms) = postSolution
		{A470BAD4-C4C2-46CC-ABFF-D4AFDC9423F9}.Debug|Any CPU.ActiveCfg = Debug|Any CPU
		{A470BAD4-C4C2-46CC-ABFF-D4AFDC9423F9}.Debug|Any CPU.Build.0 = Debug|Any CPU
		{A470BAD4-C4C2-46CC-ABFF-D4AFDC9423F9}.Release|Any CPU.ActiveCfg = Release|Any CPU
		{A470BAD4-C4C2-46CC-ABFF-D4AFDC9423F9}.Release|Any CPU.Build.0 = Release|Any CPU
		{AA65CE6D-9B25-45F4-8D4F-C137445A7400}.Debug|Any CPU.ActiveCfg = Debug|Any CPU
		{AA65CE6D-9B25-45F4-8D4F-C137445A7400}.Debug|Any CPU.Build.0 = Debug|Any CPU
		{AA65CE6D-9B25-45F4-8D4F-C137445A7400}.Release|Any CPU.ActiveCfg = Release|Any CPU
		{AA65CE6D-9B25-45F4-8D4F-C137445A7400}.Release|Any CPU.Build.0 = Release|Any CPU
		{0402D644-8177-40D4-8EEE-6781BDF4C107}.Debug|Any CPU.ActiveCfg = Debug|Any CPU
		{0402D644-8177-40D4-8EEE-6781BDF4C107}.Debug|Any CPU.Build.0 = Debug|Any CPU
		{0402D644-8177-40D4-8EEE-6781BDF4C107}.Release|Any CPU.ActiveCfg = Release|Any CPU
		{0402D644-8177-40D4-8EEE-6781BDF4C107}.Release|Any CPU.Build.0 = Release|Any CPU
		{157EBCCD-7975-40DB-B8FD-68D616A9B8CB}.Debug|Any CPU.ActiveCfg = Debug|Any CPU
		{157EBCCD-7975-40DB-B8FD-68D616A9B8CB}.Debug|Any CPU.Build.0 = Debug|Any CPU
		{157EBCCD-7975-40DB-B8FD-68D616A9B8CB}.Release|Any CPU.ActiveCfg = Release|Any CPU
		{157EBCCD-7975-40DB-B8FD-68D616A9B8CB}.Release|Any CPU.Build.0 = Release|Any CPU
		{1B06E0CB-B995-4EEC-9A05-FB7F8AE282F8}.Debug|Any CPU.ActiveCfg = Debug|Any CPU
		{1B06E0CB-B995-4EEC-9A05-FB7F8AE282F8}.Debug|Any CPU.Build.0 = Debug|Any CPU
		{1B06E0CB-B995-4EEC-9A05-FB7F8AE282F8}.Release|Any CPU.ActiveCfg = Release|Any CPU
		{1B06E0CB-B995-4EEC-9A05-FB7F8AE282F8}.Release|Any CPU.Build.0 = Release|Any CPU
		{9EA83BEB-5C92-453B-A77B-24D87924DFD0}.Debug|Any CPU.ActiveCfg = Debug|Any CPU
		{9EA83BEB-5C92-453B-A77B-24D87924DFD0}.Debug|Any CPU.Build.0 = Debug|Any CPU
		{9EA83BEB-5C92-453B-A77B-24D87924DFD0}.Release|Any CPU.ActiveCfg = Release|Any CPU
		{9EA83BEB-5C92-453B-A77B-24D87924DFD0}.Release|Any CPU.Build.0 = Release|Any CPU
		{EFCB0000-8C90-4056-8E8B-43A7DBB2A217}.Debug|Any CPU.ActiveCfg = Debug|Any CPU
		{EFCB0000-8C90-4056-8E8B-43A7DBB2A217}.Debug|Any CPU.Build.0 = Debug|Any CPU
		{EFCB0000-8C90-4056-8E8B-43A7DBB2A217}.Release|Any CPU.ActiveCfg = Release|Any CPU
		{EFCB0000-8C90-4056-8E8B-43A7DBB2A217}.Release|Any CPU.Build.0 = Release|Any CPU
		{5DE2F2B2-41C8-4743-B3F0-81E8FC7F295C}.Debug|Any CPU.ActiveCfg = Debug|Any CPU
		{5DE2F2B2-41C8-4743-B3F0-81E8FC7F295C}.Debug|Any CPU.Build.0 = Debug|Any CPU
		{5DE2F2B2-41C8-4743-B3F0-81E8FC7F295C}.Release|Any CPU.ActiveCfg = Release|Any CPU
		{5DE2F2B2-41C8-4743-B3F0-81E8FC7F295C}.Release|Any CPU.Build.0 = Release|Any CPU
		{08CA05A3-671D-4D25-BD26-2C63A6D70952}.Debug|Any CPU.ActiveCfg = Debug|Any CPU
		{08CA05A3-671D-4D25-BD26-2C63A6D70952}.Debug|Any CPU.Build.0 = Debug|Any CPU
		{08CA05A3-671D-4D25-BD26-2C63A6D70952}.Release|Any CPU.ActiveCfg = Release|Any CPU
		{08CA05A3-671D-4D25-BD26-2C63A6D70952}.Release|Any CPU.Build.0 = Release|Any CPU
		{896DB0D3-F99D-499B-935D-2E8394858407}.Debug|Any CPU.ActiveCfg = Debug|Any CPU
		{896DB0D3-F99D-499B-935D-2E8394858407}.Debug|Any CPU.Build.0 = Debug|Any CPU
		{896DB0D3-F99D-499B-935D-2E8394858407}.Release|Any CPU.ActiveCfg = Release|Any CPU
		{896DB0D3-F99D-499B-935D-2E8394858407}.Release|Any CPU.Build.0 = Release|Any CPU
		{346788EB-0EC3-48DD-89B5-D5C767A91850}.Debug|Any CPU.ActiveCfg = Debug|Any CPU
		{346788EB-0EC3-48DD-89B5-D5C767A91850}.Debug|Any CPU.Build.0 = Debug|Any CPU
		{346788EB-0EC3-48DD-89B5-D5C767A91850}.Release|Any CPU.ActiveCfg = Release|Any CPU
		{346788EB-0EC3-48DD-89B5-D5C767A91850}.Release|Any CPU.Build.0 = Release|Any CPU
		{2CDB4E58-70B1-49A9-8B65-8CA78A3BA604}.Debug|Any CPU.ActiveCfg = Debug|Any CPU
		{2CDB4E58-70B1-49A9-8B65-8CA78A3BA604}.Debug|Any CPU.Build.0 = Debug|Any CPU
		{2CDB4E58-70B1-49A9-8B65-8CA78A3BA604}.Release|Any CPU.ActiveCfg = Release|Any CPU
		{2CDB4E58-70B1-49A9-8B65-8CA78A3BA604}.Release|Any CPU.Build.0 = Release|Any CPU
		{A2ABCEDC-DB4C-4F6B-BDB2-6A31CF2329E3}.Debug|Any CPU.ActiveCfg = Debug|Any CPU
		{A2ABCEDC-DB4C-4F6B-BDB2-6A31CF2329E3}.Debug|Any CPU.Build.0 = Debug|Any CPU
		{A2ABCEDC-DB4C-4F6B-BDB2-6A31CF2329E3}.Release|Any CPU.ActiveCfg = Release|Any CPU
		{A2ABCEDC-DB4C-4F6B-BDB2-6A31CF2329E3}.Release|Any CPU.Build.0 = Release|Any CPU
		{058C0826-83B5-4054-B08D-91B80479BEB4}.Debug|Any CPU.ActiveCfg = Debug|Any CPU
		{058C0826-83B5-4054-B08D-91B80479BEB4}.Debug|Any CPU.Build.0 = Debug|Any CPU
		{058C0826-83B5-4054-B08D-91B80479BEB4}.Release|Any CPU.ActiveCfg = Release|Any CPU
		{058C0826-83B5-4054-B08D-91B80479BEB4}.Release|Any CPU.Build.0 = Release|Any CPU
		{1CBC29B0-EE3D-473D-A4B2-A15386CD414B}.Debug|Any CPU.ActiveCfg = Debug|Any CPU
		{1CBC29B0-EE3D-473D-A4B2-A15386CD414B}.Debug|Any CPU.Build.0 = Debug|Any CPU
		{1CBC29B0-EE3D-473D-A4B2-A15386CD414B}.Release|Any CPU.ActiveCfg = Release|Any CPU
		{1CBC29B0-EE3D-473D-A4B2-A15386CD414B}.Release|Any CPU.Build.0 = Release|Any CPU
		{712C8A7A-B06A-4AF3-8C70-50135F1EAFC5}.Debug|Any CPU.ActiveCfg = Debug|Any CPU
		{712C8A7A-B06A-4AF3-8C70-50135F1EAFC5}.Debug|Any CPU.Build.0 = Debug|Any CPU
		{712C8A7A-B06A-4AF3-8C70-50135F1EAFC5}.Release|Any CPU.ActiveCfg = Release|Any CPU
		{712C8A7A-B06A-4AF3-8C70-50135F1EAFC5}.Release|Any CPU.Build.0 = Release|Any CPU
		{821D41AB-9C36-4EF6-89B9-CEA4D51974E8}.Debug|Any CPU.ActiveCfg = Debug|Any CPU
		{821D41AB-9C36-4EF6-89B9-CEA4D51974E8}.Debug|Any CPU.Build.0 = Debug|Any CPU
		{821D41AB-9C36-4EF6-89B9-CEA4D51974E8}.Release|Any CPU.ActiveCfg = Release|Any CPU
		{821D41AB-9C36-4EF6-89B9-CEA4D51974E8}.Release|Any CPU.Build.0 = Release|Any CPU
		{BEE8B428-8C63-4013-89CE-2B8126978420}.Debug|Any CPU.ActiveCfg = Debug|Any CPU
		{BEE8B428-8C63-4013-89CE-2B8126978420}.Debug|Any CPU.Build.0 = Debug|Any CPU
		{BEE8B428-8C63-4013-89CE-2B8126978420}.Release|Any CPU.ActiveCfg = Release|Any CPU
		{BEE8B428-8C63-4013-89CE-2B8126978420}.Release|Any CPU.Build.0 = Release|Any CPU
		{20173B4A-891A-44D8-AD0F-43AF1166C0F0}.Debug|Any CPU.ActiveCfg = Debug|Any CPU
		{20173B4A-891A-44D8-AD0F-43AF1166C0F0}.Debug|Any CPU.Build.0 = Debug|Any CPU
		{20173B4A-891A-44D8-AD0F-43AF1166C0F0}.Release|Any CPU.ActiveCfg = Release|Any CPU
		{20173B4A-891A-44D8-AD0F-43AF1166C0F0}.Release|Any CPU.Build.0 = Release|Any CPU
	EndGlobalSection
	GlobalSection(SolutionProperties) = preSolution
		HideSolutionNode = FALSE
	EndGlobalSection
	GlobalSection(NestedProjects) = preSolution
		{78EA440A-0DBD-4C2A-89D7-E4E8F89E5AFB} = {488F677E-0B4F-43F8-B4A5-12F411BC18D2}
		{7F01BB72-1D41-4944-B05E-C081F483F30B} = {488F677E-0B4F-43F8-B4A5-12F411BC18D2}
		{2FD3AD05-479A-4BAB-BD8C-0E0324E68E46} = {488F677E-0B4F-43F8-B4A5-12F411BC18D2}
		{C05B5D36-9DAF-4B6F-8419-95C33544FF23} = {488F677E-0B4F-43F8-B4A5-12F411BC18D2}
		{73BB6B5E-8C5B-422D-A65E-90C47E0A4831} = {488F677E-0B4F-43F8-B4A5-12F411BC18D2}
		{A470BAD4-C4C2-46CC-ABFF-D4AFDC9423F9} = {78EA440A-0DBD-4C2A-89D7-E4E8F89E5AFB}
		{AA65CE6D-9B25-45F4-8D4F-C137445A7400} = {7F01BB72-1D41-4944-B05E-C081F483F30B}
		{0402D644-8177-40D4-8EEE-6781BDF4C107} = {2FD3AD05-479A-4BAB-BD8C-0E0324E68E46}
		{157EBCCD-7975-40DB-B8FD-68D616A9B8CB} = {C05B5D36-9DAF-4B6F-8419-95C33544FF23}
		{1B06E0CB-B995-4EEC-9A05-FB7F8AE282F8} = {73BB6B5E-8C5B-422D-A65E-90C47E0A4831}
		{5379B8E0-4C89-49F1-BD57-EC85D0C99094} = {0DC4E56C-95B8-47DD-907F-31CBE295FB1B}
		{1FD4C1C3-23F5-412F-890A-DF2960F4C44C} = {0DC4E56C-95B8-47DD-907F-31CBE295FB1B}
		{56991BB6-993A-414F-AD2E-DFA65862A9DE} = {0DC4E56C-95B8-47DD-907F-31CBE295FB1B}
		{39D67125-F622-4ED1-8AF5-5629B5C64DED} = {0DC4E56C-95B8-47DD-907F-31CBE295FB1B}
		{1A9BCFC2-0BB3-4D22-AD9F-6BD8791CA295} = {0DC4E56C-95B8-47DD-907F-31CBE295FB1B}
		{E3646079-583A-4B76-A61B-B1A3F3198628} = {0DC4E56C-95B8-47DD-907F-31CBE295FB1B}
		{9EA83BEB-5C92-453B-A77B-24D87924DFD0} = {5379B8E0-4C89-49F1-BD57-EC85D0C99094}
		{EFCB0000-8C90-4056-8E8B-43A7DBB2A217} = {1FD4C1C3-23F5-412F-890A-DF2960F4C44C}
		{5DE2F2B2-41C8-4743-B3F0-81E8FC7F295C} = {56991BB6-993A-414F-AD2E-DFA65862A9DE}
		{08CA05A3-671D-4D25-BD26-2C63A6D70952} = {39D67125-F622-4ED1-8AF5-5629B5C64DED}
		{896DB0D3-F99D-499B-935D-2E8394858407} = {1A9BCFC2-0BB3-4D22-AD9F-6BD8791CA295}
		{346788EB-0EC3-48DD-89B5-D5C767A91850} = {E3646079-583A-4B76-A61B-B1A3F3198628}
		{4BC36CB9-32FE-4E83-A6C3-B6CAD6B4C066} = {D57B0F43-ED18-4D20-8AEA-39CB5B4C2DF9}
		{2CDB4E58-70B1-49A9-8B65-8CA78A3BA604} = {4BC36CB9-32FE-4E83-A6C3-B6CAD6B4C066}
		{A5B22400-018D-42E6-82DA-29508361A266} = {9CE465B5-DB6C-4EAA-BCB4-1104D1022BE4}
		{74120F29-2626-4152-85F6-E2A4E16FEA04} = {9CE465B5-DB6C-4EAA-BCB4-1104D1022BE4}
		{D295CFF5-DDE9-46E7-B1AD-24247BD6270F} = {9CE465B5-DB6C-4EAA-BCB4-1104D1022BE4}
		{60568C9F-9A51-47BB-BE29-E27D5956EEEE} = {9CE465B5-DB6C-4EAA-BCB4-1104D1022BE4}
		{E1A3547C-0DFE-49F9-AD39-F1520DA2F748} = {9CE465B5-DB6C-4EAA-BCB4-1104D1022BE4}
		{9BEAA169-5940-4B2F-9F8A-C9C1286A9B70} = {9CE465B5-DB6C-4EAA-BCB4-1104D1022BE4}
		{A2ABCEDC-DB4C-4F6B-BDB2-6A31CF2329E3} = {A5B22400-018D-42E6-82DA-29508361A266}
		{058C0826-83B5-4054-B08D-91B80479BEB4} = {74120F29-2626-4152-85F6-E2A4E16FEA04}
		{1CBC29B0-EE3D-473D-A4B2-A15386CD414B} = {D295CFF5-DDE9-46E7-B1AD-24247BD6270F}
		{712C8A7A-B06A-4AF3-8C70-50135F1EAFC5} = {60568C9F-9A51-47BB-BE29-E27D5956EEEE}
		{821D41AB-9C36-4EF6-89B9-CEA4D51974E8} = {E1A3547C-0DFE-49F9-AD39-F1520DA2F748}
		{BEE8B428-8C63-4013-89CE-2B8126978420} = {9BEAA169-5940-4B2F-9F8A-C9C1286A9B70}
		{D25F8B25-5AC2-41E1-94B6-3A1FEB306140} = {F006D88D-1F3F-4F8B-BA16-287FCEFD0234}
		{20173B4A-891A-44D8-AD0F-43AF1166C0F0} = {D25F8B25-5AC2-41E1-94B6-3A1FEB306140}
	EndGlobalSection
EndGlobal
